
Microsoft Visual Studio Solution File, Format Version 10.00
# Visual C++ Express 2008
Project("{8BC9CEB8-8B4A-11D0-8D11-00A0C91BC942}") = "GreKo", "GreKo.vcproj", "{BC2DBDD1-A129-44E3-B87E-28D7806D3F62}"
EndProject
Global
	GlobalSection(SolutionConfigurationPlatforms) = preSolution
		Debug|Win32 = Debug|Win32
		Release|Win32 = Release|Win32
	EndGlobalSection
	GlobalSection(ProjectConfigurationPlatforms) = postSolution
		{BC2DBDD1-A129-44E3-B87E-28D7806D3F62}.Debug|Win32.ActiveCfg = Debug|Win32
		{BC2DBDD1-A129-44E3-B87E-28D7806D3F62}.Debug|Win32.Build.0 = Debug|Win32
		{BC2DBDD1-A129-44E3-B87E-28D7806D3F62}.Release|Win32.ActiveCfg = Release|Win32
		{BC2DBDD1-A129-44E3-B87E-28D7806D3F62}.Release|Win32.Build.0 = Release|Win32
	EndGlobalSection
	GlobalSection(SolutionProperties) = preSolution
		HideSolutionNode = FALSE
	EndGlobalSection
EndGlobal
